
Microsoft Visual Studio Solution File, Format Version 12.00
# Visual Studio Version 17
VisualStudioVersion = 17.0.32112.339
MinimumVisualStudioVersion = 10.0.40219.1
Project("{FAE04EC0-301F-11D3-BF4B-00C04F79EFBC}") = "jagged_array_md", "jagged_array_md\jagged_array_md.csproj", "{AC2B010A-E148-4953-82FB-A2815D20ABD7}"
EndProject
Global
	GlobalSection(SolutionConfigurationPlatforms) = preSolution
		Debug|Any CPU = Debug|Any CPU
		Release|Any CPU = Release|Any CPU
	EndGlobalSection
	GlobalSection(ProjectConfigurationPlatforms) = postSolution
		{AC2B010A-E148-4953-82FB-A2815D20ABD7}.Debug|Any CPU.ActiveCfg = Debug|Any CPU
		{AC2B010A-E148-4953-82FB-A2815D20ABD7}.Debug|Any CPU.Build.0 = Debug|Any CPU
		{AC2B010A-E148-4953-82FB-A2815D20ABD7}.Release|Any CPU.ActiveCfg = Release|Any CPU
		{AC2B010A-E148-4953-82FB-A2815D20ABD7}.Release|Any CPU.Build.0 = Release|Any CPU
	EndGlobalSection
	GlobalSection(SolutionProperties) = preSolution
		HideSolutionNode = FALSE
	EndGlobalSection
	GlobalSection(ExtensibilityGlobals) = postSolution
		SolutionGuid = {49658D86-5020-497D-A171-D82462499350}
	EndGlobalSection
EndGlobal
