
Microsoft Visual Studio Solution File, Format Version 12.00
# Visual Studio Version 17
VisualStudioVersion = 17.0.32112.339
MinimumVisualStudioVersion = 10.0.40219.1
Project("{FAE04EC0-301F-11D3-BF4B-00C04F79EFBC}") = "2D_array_for_loop", "2D_array_for_loop\2D_array_for_loop.csproj", "{9BF30BB7-F578-4ED0-AF31-0C6ED4D355BB}"
EndProject
Global
	GlobalSection(SolutionConfigurationPlatforms) = preSolution
		Debug|Any CPU = Debug|Any CPU
		Release|Any CPU = Release|Any CPU
	EndGlobalSection
	GlobalSection(ProjectConfigurationPlatforms) = postSolution
		{9BF30BB7-F578-4ED0-AF31-0C6ED4D355BB}.Debug|Any CPU.ActiveCfg = Debug|Any CPU
		{9BF30BB7-F578-4ED0-AF31-0C6ED4D355BB}.Debug|Any CPU.Build.0 = Debug|Any CPU
		{9BF30BB7-F578-4ED0-AF31-0C6ED4D355BB}.Release|Any CPU.ActiveCfg = Release|Any CPU
		{9BF30BB7-F578-4ED0-AF31-0C6ED4D355BB}.Release|Any CPU.Build.0 = Release|Any CPU
	EndGlobalSection
	GlobalSection(SolutionProperties) = preSolution
		HideSolutionNode = FALSE
	EndGlobalSection
	GlobalSection(ExtensibilityGlobals) = postSolution
		SolutionGuid = {6649ADFE-B388-40D0-8E95-5F063189B6E2}
	EndGlobalSection
EndGlobal
